
Microsoft Visual Studio Solution File, Format Version 12.00
Project("{FAE04EC0-301F-11D3-BF4B-00C04F79EFBC}") = "lesson_11_06", "lesson_11_06\lesson_11_06.csproj", "{720358A6-5415-4320-B3FF-7226D5523436}"
EndProject
Project("{FAE04EC0-301F-11D3-BF4B-00C04F79EFBC}") = "lesson_11_20", "lesson_11_20\lesson_11_20.csproj", "{B2094B31-1BCB-49F8-A341-98BACA8130A5}"
EndProject
Project("{FAE04EC0-301F-11D3-BF4B-00C04F79EFBC}") = "lesson_11_22", "lesson_11_22\lesson_11_22.csproj", "{6BD84BB8-92EC-47B4-8271-D4774E976158}"
EndProject
Project("{FAE04EC0-301F-11D3-BF4B-00C04F79EFBC}") = "lesson_11_27", "lesson_11_27\lesson_11_27.csproj", "{04C4EA5A-B5DE-4A36-84E6-E8CA334F0E50}"
EndProject
Project("{FAE04EC0-301F-11D3-BF4B-00C04F79EFBC}") = "lesson_12_04", "lesson_12_04\lesson_12_04.csproj", "{6FCB04D5-4B34-4C75-BD0F-E84909838376}"
EndProject
Project("{FAE04EC0-301F-11D3-BF4B-00C04F79EFBC}") = "lesson_12_06", "lesson_12_06\lesson_12_06.csproj", "{7759B71E-A862-45F3-853A-1308D8308FDD}"
EndProject
Project("{FAE04EC0-301F-11D3-BF4B-00C04F79EFBC}") = "lesson_12_11", "lesson_12_11\lesson_12_11.csproj", "{B4F8A755-A7A8-4923-98FC-871634A798C5}"
EndProject
Project("{FAE04EC0-301F-11D3-BF4B-00C04F79EFBC}") = "lesson_12_11_1", "lesson_12_11_1\lesson_12_11_1.csproj", "{8DD32E91-2766-4284-A44A-5D4D6865F934}"
EndProject
Project("{FAE04EC0-301F-11D3-BF4B-00C04F79EFBC}") = "lesson_12_13", "lesson_12_13\lesson_12_13.csproj", "{F501A12D-D969-463B-9826-F5B30AA6D658}"
EndProject
Project("{FAE04EC0-301F-11D3-BF4B-00C04F79EFBC}") = "lesson_12_18", "lesson_12_18\lesson_12_18.csproj", "{E739FC89-5A17-4E89-AAD3-1C6310240C79}"
EndProject
Project("{FAE04EC0-301F-11D3-BF4B-00C04F79EFBC}") = "lesson_12_18_1", "lesson_12_18_1\lesson_12_18_1.csproj", "{4F243B97-4362-432D-8FB4-D9F3B2489F3B}"
EndProject
Project("{FAE04EC0-301F-11D3-BF4B-00C04F79EFBC}") = "lesson_12_20", "lesson_12_20\lesson_12_20.csproj", "{543D9879-66BB-4106-93DE-1538721D1B12}"
EndProject
Project("{FAE04EC0-301F-11D3-BF4B-00C04F79EFBC}") = "lesson_08_01_blog", "lesson_08_01_blog\lesson_08_01_blog.csproj", "{6F451991-CE2D-40DA-B541-D77C76895AFE}"
EndProject
Global
	GlobalSection(SolutionConfigurationPlatforms) = preSolution
		Debug|Any CPU = Debug|Any CPU
		Release|Any CPU = Release|Any CPU
	EndGlobalSection
	GlobalSection(ProjectConfigurationPlatforms) = postSolution
		{720358A6-5415-4320-B3FF-7226D5523436}.Debug|Any CPU.ActiveCfg = Debug|Any CPU
		{720358A6-5415-4320-B3FF-7226D5523436}.Debug|Any CPU.Build.0 = Debug|Any CPU
		{720358A6-5415-4320-B3FF-7226D5523436}.Release|Any CPU.ActiveCfg = Release|Any CPU
		{720358A6-5415-4320-B3FF-7226D5523436}.Release|Any CPU.Build.0 = Release|Any CPU
		{B2094B31-1BCB-49F8-A341-98BACA8130A5}.Debug|Any CPU.ActiveCfg = Debug|Any CPU
		{B2094B31-1BCB-49F8-A341-98BACA8130A5}.Debug|Any CPU.Build.0 = Debug|Any CPU
		{B2094B31-1BCB-49F8-A341-98BACA8130A5}.Release|Any CPU.ActiveCfg = Release|Any CPU
		{B2094B31-1BCB-49F8-A341-98BACA8130A5}.Release|Any CPU.Build.0 = Release|Any CPU
		{6BD84BB8-92EC-47B4-8271-D4774E976158}.Debug|Any CPU.ActiveCfg = Debug|Any CPU
		{6BD84BB8-92EC-47B4-8271-D4774E976158}.Debug|Any CPU.Build.0 = Debug|Any CPU
		{6BD84BB8-92EC-47B4-8271-D4774E976158}.Release|Any CPU.ActiveCfg = Release|Any CPU
		{6BD84BB8-92EC-47B4-8271-D4774E976158}.Release|Any CPU.Build.0 = Release|Any CPU
		{04C4EA5A-B5DE-4A36-84E6-E8CA334F0E50}.Debug|Any CPU.ActiveCfg = Debug|Any CPU
		{04C4EA5A-B5DE-4A36-84E6-E8CA334F0E50}.Debug|Any CPU.Build.0 = Debug|Any CPU
		{04C4EA5A-B5DE-4A36-84E6-E8CA334F0E50}.Release|Any CPU.ActiveCfg = Release|Any CPU
		{04C4EA5A-B5DE-4A36-84E6-E8CA334F0E50}.Release|Any CPU.Build.0 = Release|Any CPU
		{6FCB04D5-4B34-4C75-BD0F-E84909838376}.Debug|Any CPU.ActiveCfg = Debug|Any CPU
		{6FCB04D5-4B34-4C75-BD0F-E84909838376}.Debug|Any CPU.Build.0 = Debug|Any CPU
		{6FCB04D5-4B34-4C75-BD0F-E84909838376}.Release|Any CPU.ActiveCfg = Release|Any CPU
		{6FCB04D5-4B34-4C75-BD0F-E84909838376}.Release|Any CPU.Build.0 = Release|Any CPU
		{7759B71E-A862-45F3-853A-1308D8308FDD}.Debug|Any CPU.ActiveCfg = Debug|Any CPU
		{7759B71E-A862-45F3-853A-1308D8308FDD}.Debug|Any CPU.Build.0 = Debug|Any CPU
		{7759B71E-A862-45F3-853A-1308D8308FDD}.Release|Any CPU.ActiveCfg = Release|Any CPU
		{7759B71E-A862-45F3-853A-1308D8308FDD}.Release|Any CPU.Build.0 = Release|Any CPU
		{B4F8A755-A7A8-4923-98FC-871634A798C5}.Debug|Any CPU.ActiveCfg = Debug|Any CPU
		{B4F8A755-A7A8-4923-98FC-871634A798C5}.Debug|Any CPU.Build.0 = Debug|Any CPU
		{B4F8A755-A7A8-4923-98FC-871634A798C5}.Release|Any CPU.ActiveCfg = Release|Any CPU
		{B4F8A755-A7A8-4923-98FC-871634A798C5}.Release|Any CPU.Build.0 = Release|Any CPU
		{8DD32E91-2766-4284-A44A-5D4D6865F934}.Debug|Any CPU.ActiveCfg = Debug|Any CPU
		{8DD32E91-2766-4284-A44A-5D4D6865F934}.Debug|Any CPU.Build.0 = Debug|Any CPU
		{8DD32E91-2766-4284-A44A-5D4D6865F934}.Release|Any CPU.ActiveCfg = Release|Any CPU
		{8DD32E91-2766-4284-A44A-5D4D6865F934}.Release|Any CPU.Build.0 = Release|Any CPU
		{F501A12D-D969-463B-9826-F5B30AA6D658}.Debug|Any CPU.ActiveCfg = Debug|Any CPU
		{F501A12D-D969-463B-9826-F5B30AA6D658}.Debug|Any CPU.Build.0 = Debug|Any CPU
		{F501A12D-D969-463B-9826-F5B30AA6D658}.Release|Any CPU.ActiveCfg = Release|Any CPU
		{F501A12D-D969-463B-9826-F5B30AA6D658}.Release|Any CPU.Build.0 = Release|Any CPU
		{E739FC89-5A17-4E89-AAD3-1C6310240C79}.Debug|Any CPU.ActiveCfg = Debug|Any CPU
		{E739FC89-5A17-4E89-AAD3-1C6310240C79}.Debug|Any CPU.Build.0 = Debug|Any CPU
		{E739FC89-5A17-4E89-AAD3-1C6310240C79}.Release|Any CPU.ActiveCfg = Release|Any CPU
		{E739FC89-5A17-4E89-AAD3-1C6310240C79}.Release|Any CPU.Build.0 = Release|Any CPU
		{4F243B97-4362-432D-8FB4-D9F3B2489F3B}.Debug|Any CPU.ActiveCfg = Debug|Any CPU
		{4F243B97-4362-432D-8FB4-D9F3B2489F3B}.Debug|Any CPU.Build.0 = Debug|Any CPU
		{4F243B97-4362-432D-8FB4-D9F3B2489F3B}.Release|Any CPU.ActiveCfg = Release|Any CPU
		{4F243B97-4362-432D-8FB4-D9F3B2489F3B}.Release|Any CPU.Build.0 = Release|Any CPU
		{543D9879-66BB-4106-93DE-1538721D1B12}.Debug|Any CPU.ActiveCfg = Debug|Any CPU
		{543D9879-66BB-4106-93DE-1538721D1B12}.Debug|Any CPU.Build.0 = Debug|Any CPU
		{543D9879-66BB-4106-93DE-1538721D1B12}.Release|Any CPU.ActiveCfg = Release|Any CPU
		{543D9879-66BB-4106-93DE-1538721D1B12}.Release|Any CPU.Build.0 = Release|Any CPU
		{6F451991-CE2D-40DA-B541-D77C76895AFE}.Debug|Any CPU.ActiveCfg = Debug|Any CPU
		{6F451991-CE2D-40DA-B541-D77C76895AFE}.Debug|Any CPU.Build.0 = Debug|Any CPU
		{6F451991-CE2D-40DA-B541-D77C76895AFE}.Release|Any CPU.ActiveCfg = Release|Any CPU
		{6F451991-CE2D-40DA-B541-D77C76895AFE}.Release|Any CPU.Build.0 = Release|Any CPU
	EndGlobalSection
EndGlobal
